
Microsoft Visual Studio Solution File, Format Version 12.00
# Visual Studio Version 16
VisualStudioVersion = 16.0.30804.86
MinimumVisualStudioVersion = 10.0.40219.1
Project("{9A19103F-16F7-4668-BE54-9A1E7A4F7556}") = "Librarian.Core", "Librarian.Core\Librarian.Core.csproj", "{D94C2A3F-D8D5-4E15-8656-FA9DB60FC2BA}"
EndProject
Project("{9A19103F-16F7-4668-BE54-9A1E7A4F7556}") = "Librarian.WinForms", "Librarian.WinForms\Librarian.WinForms.csproj", "{04445916-6E92-467C-AD67-C0138C9FB03B}"
EndProject
Global
	GlobalSection(SolutionConfigurationPlatforms) = preSolution
		Debug|Any CPU = Debug|Any CPU
		Release|Any CPU = Release|Any CPU
	EndGlobalSection
	GlobalSection(ProjectConfigurationPlatforms) = postSolution
		{D94C2A3F-D8D5-4E15-8656-FA9DB60FC2BA}.Debug|Any CPU.ActiveCfg = Debug|Any CPU
		{D94C2A3F-D8D5-4E15-8656-FA9DB60FC2BA}.Debug|Any CPU.Build.0 = Debug|Any CPU
		{D94C2A3F-D8D5-4E15-8656-FA9DB60FC2BA}.Release|Any CPU.ActiveCfg = Release|Any CPU
		{D94C2A3F-D8D5-4E15-8656-FA9DB60FC2BA}.Release|Any CPU.Build.0 = Release|Any CPU
		{04445916-6E92-467C-AD67-C0138C9FB03B}.Debug|Any CPU.ActiveCfg = Debug|Any CPU
		{04445916-6E92-467C-AD67-C0138C9FB03B}.Debug|Any CPU.Build.0 = Debug|Any CPU
		{04445916-6E92-467C-AD67-C0138C9FB03B}.Release|Any CPU.ActiveCfg = Release|Any CPU
		{04445916-6E92-467C-AD67-C0138C9FB03B}.Release|Any CPU.Build.0 = Release|Any CPU
	EndGlobalSection
	GlobalSection(SolutionProperties) = preSolution
		HideSolutionNode = FALSE
	EndGlobalSection
	GlobalSection(ExtensibilityGlobals) = postSolution
		SolutionGuid = {4EAC7B80-B02F-4B82-B00B-EF6EF6C860A3}
	EndGlobalSection
EndGlobal
